{
    "_readme": [
        "This file locks the dependencies of your project to a known state",
        "Read more about it at https://getcomposer.org/doc/01-basic-usage.md#composer-lock-the-lock-file",
        "This file is @generated automatically"
    ],
    "hash": "ca9a598556e1c3798f93069a75d25bd5",
    "content-hash": "dfdefcb986723f8eae0b4c011defd317",
    "packages": [
        {
            "name": "carrlabs/git-wrapper",
            "version": "dev-master",
            "source": {
                "type": "git",
                "url": "https://github.com/CarrLabs/git-wrapper.git",
                "reference": "010d75571d84636ad4be0b88e26135f014e78180"
            },
            "dist": {
                "type": "zip",
                "url": "https://api.github.com/repos/CarrLabs/git-wrapper/zipball/010d75571d84636ad4be0b88e26135f014e78180",
                "reference": "010d75571d84636ad4be0b88e26135f014e78180",
                "shasum": ""
            },
            "type": "library",
            "autoload": {
                "psr-0": {
                    "CarrLabs\\GitWrapper\\": "src/"
                }
            },
            "notification-url": "https://packagist.org/downloads/",
            "license": [
                "BSD-2-Clause"
            ],
            "authors": [
                {
                    "name": "Brent Goldthwaite",
                    "email": "brent@carr-labs.com"
                }
            ],
            "description": "A wrapper for the git command line executable, based on YiiGit (https://github.com/phpnode/YiiGit).  Allows access to all git commands via a simple object oriented interface.",
            "homepage": "https://github.com/CarrLabs/git-wrapper",
            "keywords": [
                "git",
                "vcs"
            ],
            "time": "2013-10-03 04:16:07"
        },
        {
            "name": "pear2/console_commandline",
            "version": "0.2.1",
            "source": {
                "type": "git",
                "url": "https://github.com/pear2/Console_CommandLine.git",
                "reference": "4a356864f88cdac79bcb656e54d0563c2fc7997d"
            },
            "dist": {
                "type": "zip",
                "url": "https://api.github.com/repos/pear2/Console_CommandLine/zipball/4a356864f88cdac79bcb656e54d0563c2fc7997d",
                "reference": "4a356864f88cdac79bcb656e54d0563c2fc7997d",
                "shasum": ""
            },
            "require": {
                "php": ">=5.3.0"
            },
            "type": "library",
            "autoload": {
                "psr-0": {
                    "PEAR2\\Console\\CommandLine": "src/"
                }
            },
            "notification-url": "https://packagist.org/downloads/",
            "license": [
                "MIT"
            ],
            "authors": [
                {
                    "name": "Vasil Rangelov",
                    "email": "boen.robot@gmail.com",
                    "role": "helper"
                },
                {
                    "name": "David Jean Louis",
                    "email": "izi@php.net",
                    "role": "Lead"
                },
                {
                    "name": "Brett Bieber",
                    "email": "saltybeagle@php.net",
                    "role": "helper"
                }
            ],
            "description": "Full featured package for managing command-line applications.",
            "homepage": "http://pear2.php.net/PEAR2_Console_CommandLine",
            "keywords": [
                "arguments",
                "cli",
                "commandline",
                "console",
                "parser",
                "pear2"
            ],
            "time": "2014-06-22 20:29:54"
        }
    ],
    "packages-dev": [],
    "aliases": [],
    "minimum-stability": "stable",
    "stability-flags": {
        "carrlabs/git-wrapper": 20
    },
    "prefer-stable": false,
    "prefer-lowest": false,
    "platform": [],
    "platform-dev": []
}
