{
    "_readme": [
        "This file locks the dependencies of your project to a known state",
        "Read more about it at https://getcomposer.org/doc/01-basic-usage.md#composer-lock-the-lock-file",
        "This file is @generated automatically"
    ],
    "hash": "5b2524a8c2537aef9ae6e41c457005f2",
    "content-hash": "1a546b937e705a584fc011e89b44d78e",
    "packages": [
        {
            "name": "pear2/console_commandline",
            "version": "0.2.1",
            "source": {
                "type": "git",
                "url": "https://github.com/pear2/Console_CommandLine.git",
                "reference": "4a356864f88cdac79bcb656e54d0563c2fc7997d"
            },
            "dist": {
                "type": "zip",
                "url": "https://api.github.com/repos/pear2/Console_CommandLine/zipball/4a356864f88cdac79bcb656e54d0563c2fc7997d",
                "reference": "4a356864f88cdac79bcb656e54d0563c2fc7997d",
                "shasum": ""
            },
            "require": {
                "php": ">=5.3.0"
            },
            "type": "library",
            "autoload": {
                "psr-0": {
                    "PEAR2\\Console\\CommandLine": "src/"
                }
            },
            "notification-url": "https://packagist.org/downloads/",
            "license": [
                "MIT"
            ],
            "authors": [
                {
                    "name": "Vasil Rangelov",
                    "email": "boen.robot@gmail.com",
                    "role": "helper"
                },
                {
                    "name": "David Jean Louis",
                    "email": "izi@php.net",
                    "role": "Lead"
                },
                {
                    "name": "Brett Bieber",
                    "email": "saltybeagle@php.net",
                    "role": "helper"
                }
            ],
            "description": "Full featured package for managing command-line applications.",
            "homepage": "http://pear2.php.net/PEAR2_Console_CommandLine",
            "keywords": [
                "arguments",
                "cli",
                "commandline",
                "console",
                "parser",
                "pear2"
            ],
            "time": "2014-06-22 20:29:54"
        }
    ],
    "packages-dev": [
        {
            "name": "clue/phar-composer",
            "version": "v1.0.0",
            "source": {
                "type": "git",
                "url": "https://github.com/clue/phar-composer.git",
                "reference": "3ea2cd961c45290b2578c6bf971ae028bfcd6377"
            },
            "dist": {
                "type": "zip",
                "url": "https://api.github.com/repos/clue/phar-composer/zipball/3ea2cd961c45290b2578c6bf971ae028bfcd6377",
                "reference": "3ea2cd961c45290b2578c6bf971ae028bfcd6377",
                "shasum": ""
            },
            "require": {
                "herrera-io/box": "~1.5",
                "knplabs/packagist-api": "~1.0",
                "symfony/console": "~2.1",
                "symfony/finder": "~2.1",
                "symfony/process": "~2.1"
            },
            "bin": [
                "bin/phar-composer"
            ],
            "type": "library",
            "extra": {
                "phar": {
                    "bundler": "composer"
                }
            },
            "autoload": {
                "psr-0": {
                    "Clue": "src/"
                }
            },
            "notification-url": "https://packagist.org/downloads/",
            "license": [
                "MIT"
            ],
            "authors": [
                {
                    "name": "Christian Lück",
                    "email": "christian@lueck.tv"
                }
            ],
            "description": "Simple phar creation for your projects managed via composer",
            "homepage": "https://github.com/clue/phar-composer",
            "keywords": [
                "build process",
                "bundle dependencies",
                "executable phar"
            ],
            "time": "2015-11-15 18:36:37"
        },
        {
            "name": "doctrine/inflector",
            "version": "v1.1.0",
            "source": {
                "type": "git",
                "url": "https://github.com/doctrine/inflector.git",
                "reference": "90b2128806bfde671b6952ab8bea493942c1fdae"
            },
            "dist": {
                "type": "zip",
                "url": "https://api.github.com/repos/doctrine/inflector/zipball/90b2128806bfde671b6952ab8bea493942c1fdae",
                "reference": "90b2128806bfde671b6952ab8bea493942c1fdae",
                "shasum": ""
            },
            "require": {
                "php": ">=5.3.2"
            },
            "require-dev": {
                "phpunit/phpunit": "4.*"
            },
            "type": "library",
            "extra": {
                "branch-alias": {
                    "dev-master": "1.1.x-dev"
                }
            },
            "autoload": {
                "psr-0": {
                    "Doctrine\\Common\\Inflector\\": "lib/"
                }
            },
            "notification-url": "https://packagist.org/downloads/",
            "license": [
                "MIT"
            ],
            "authors": [
                {
                    "name": "Roman Borschel",
                    "email": "roman@code-factory.org"
                },
                {
                    "name": "Benjamin Eberlei",
                    "email": "kontakt@beberlei.de"
                },
                {
                    "name": "Guilherme Blanco",
                    "email": "guilhermeblanco@gmail.com"
                },
                {
                    "name": "Jonathan Wage",
                    "email": "jonwage@gmail.com"
                },
                {
                    "name": "Johannes Schmitt",
                    "email": "schmittjoh@gmail.com"
                }
            ],
            "description": "Common String Manipulations with regard to casing and singular/plural rules.",
            "homepage": "http://www.doctrine-project.org",
            "keywords": [
                "inflection",
                "pluralize",
                "singularize",
                "string"
            ],
            "time": "2015-11-06 14:35:42"
        },
        {
            "name": "guzzle/common",
            "version": "v3.9.2",
            "target-dir": "Guzzle/Common",
            "source": {
                "type": "git",
                "url": "https://github.com/Guzzle3/common.git",
                "reference": "2e36af7cf2ce3ea1f2d7c2831843b883a8e7b7dc"
            },
            "dist": {
                "type": "zip",
                "url": "https://api.github.com/repos/Guzzle3/common/zipball/2e36af7cf2ce3ea1f2d7c2831843b883a8e7b7dc",
                "reference": "2e36af7cf2ce3ea1f2d7c2831843b883a8e7b7dc",
                "shasum": ""
            },
            "require": {
                "php": ">=5.3.2",
                "symfony/event-dispatcher": ">=2.1"
            },
            "type": "library",
            "extra": {
                "branch-alias": {
                    "dev-master": "3.7-dev"
                }
            },
            "autoload": {
                "psr-0": {
                    "Guzzle\\Common": ""
                }
            },
            "notification-url": "https://packagist.org/downloads/",
            "license": [
                "MIT"
            ],
            "description": "Common libraries used by Guzzle",
            "homepage": "http://guzzlephp.org/",
            "keywords": [
                "collection",
                "common",
                "event",
                "exception"
            ],
            "abandoned": "guzzle/guzzle",
            "time": "2014-08-11 04:32:36"
        },
        {
            "name": "guzzle/http",
            "version": "v3.9.2",
            "target-dir": "Guzzle/Http",
            "source": {
                "type": "git",
                "url": "https://github.com/Guzzle3/http.git",
                "reference": "1e8dd1e2ba9dc42332396f39fbfab950b2301dc5"
            },
            "dist": {
                "type": "zip",
                "url": "https://api.github.com/repos/Guzzle3/http/zipball/1e8dd1e2ba9dc42332396f39fbfab950b2301dc5",
                "reference": "1e8dd1e2ba9dc42332396f39fbfab950b2301dc5",
                "shasum": ""
            },
            "require": {
                "guzzle/common": "self.version",
                "guzzle/parser": "self.version",
                "guzzle/stream": "self.version",
                "php": ">=5.3.2"
            },
            "suggest": {
                "ext-curl": "*"
            },
            "type": "library",
            "extra": {
                "branch-alias": {
                    "dev-master": "3.7-dev"
                }
            },
            "autoload": {
                "psr-0": {
                    "Guzzle\\Http": ""
                }
            },
            "notification-url": "https://packagist.org/downloads/",
            "license": [
                "MIT"
            ],
            "authors": [
                {
                    "name": "Michael Dowling",
                    "email": "mtdowling@gmail.com",
                    "homepage": "https://github.com/mtdowling"
                }
            ],
            "description": "HTTP libraries used by Guzzle",
            "homepage": "http://guzzlephp.org/",
            "keywords": [
                "Guzzle",
                "client",
                "curl",
                "http",
                "http client"
            ],
            "abandoned": "guzzle/guzzle",
            "time": "2014-08-11 04:32:36"
        },
        {
            "name": "guzzle/parser",
            "version": "v3.9.2",
            "target-dir": "Guzzle/Parser",
            "source": {
                "type": "git",
                "url": "https://github.com/Guzzle3/parser.git",
                "reference": "6874d171318a8e93eb6d224cf85e4678490b625c"
            },
            "dist": {
                "type": "zip",
                "url": "https://api.github.com/repos/Guzzle3/parser/zipball/6874d171318a8e93eb6d224cf85e4678490b625c",
                "reference": "6874d171318a8e93eb6d224cf85e4678490b625c",
                "shasum": ""
            },
            "require": {
                "php": ">=5.3.2"
            },
            "type": "library",
            "extra": {
                "branch-alias": {
                    "dev-master": "3.7-dev"
                }
            },
            "autoload": {
                "psr-0": {
                    "Guzzle\\Parser": ""
                }
            },
            "notification-url": "https://packagist.org/downloads/",
            "license": [
                "MIT"
            ],
            "description": "Interchangeable parsers used by Guzzle",
            "homepage": "http://guzzlephp.org/",
            "keywords": [
                "URI Template",
                "cookie",
                "http",
                "message",
                "url"
            ],
            "abandoned": "guzzle/guzzle",
            "time": "2014-02-05 18:29:46"
        },
        {
            "name": "guzzle/stream",
            "version": "v3.9.2",
            "target-dir": "Guzzle/Stream",
            "source": {
                "type": "git",
                "url": "https://github.com/Guzzle3/stream.git",
                "reference": "60c7fed02e98d2c518dae8f97874c8f4622100f0"
            },
            "dist": {
                "type": "zip",
                "url": "https://api.github.com/repos/Guzzle3/stream/zipball/60c7fed02e98d2c518dae8f97874c8f4622100f0",
                "reference": "60c7fed02e98d2c518dae8f97874c8f4622100f0",
                "shasum": ""
            },
            "require": {
                "guzzle/common": "self.version",
                "php": ">=5.3.2"
            },
            "suggest": {
                "guzzle/http": "To convert Guzzle request objects to PHP streams"
            },
            "type": "library",
            "extra": {
                "branch-alias": {
                    "dev-master": "3.7-dev"
                }
            },
            "autoload": {
                "psr-0": {
                    "Guzzle\\Stream": ""
                }
            },
            "notification-url": "https://packagist.org/downloads/",
            "license": [
                "MIT"
            ],
            "authors": [
                {
                    "name": "Michael Dowling",
                    "email": "mtdowling@gmail.com",
                    "homepage": "https://github.com/mtdowling"
                }
            ],
            "description": "Guzzle stream wrapper component",
            "homepage": "http://guzzlephp.org/",
            "keywords": [
                "Guzzle",
                "component",
                "stream"
            ],
            "abandoned": "guzzle/guzzle",
            "time": "2014-05-01 21:36:02"
        },
        {
            "name": "herrera-io/box",
            "version": "1.6.1",
            "source": {
                "type": "git",
                "url": "https://github.com/box-project/box2-lib.git",
                "reference": "b55dceb5c65cc831e94ec0786b0b9b15f1103e8e"
            },
            "dist": {
                "type": "zip",
                "url": "https://api.github.com/repos/box-project/box2-lib/zipball/b55dceb5c65cc831e94ec0786b0b9b15f1103e8e",
                "reference": "b55dceb5c65cc831e94ec0786b0b9b15f1103e8e",
                "shasum": ""
            },
            "require": {
                "ext-phar": "*",
                "phine/path": "~1.0",
                "php": ">=5.3.3",
                "tedivm/jshrink": "~1.0"
            },
            "require-dev": {
                "herrera-io/annotations": "~1.0",
                "herrera-io/phpunit-test-case": "1.*",
                "mikey179/vfsstream": "1.1.0",
                "phpseclib/phpseclib": "~0.3",
                "phpunit/phpunit": "3.7.*"
            },
            "suggest": {
                "herrera-io/annotations": "For compacting annotated docblocks.",
                "phpseclib/phpseclib": "For verifying OpenSSL signed phars without the phar extension."
            },
            "type": "library",
            "extra": {
                "branch-alias": {
                    "dev-master": "1.0-dev"
                }
            },
            "autoload": {
                "psr-0": {
                    "Herrera\\Box": "src/lib"
                }
            },
            "notification-url": "https://packagist.org/downloads/",
            "license": [
                "MIT"
            ],
            "authors": [
                {
                    "name": "Kevin Herrera",
                    "email": "kevin@herrera.io",
                    "homepage": "http://kevin.herrera.io"
                }
            ],
            "description": "A library for simplifying the PHAR build process.",
            "homepage": "https://github.com/box-project/box2-lib",
            "keywords": [
                "phar"
            ],
            "time": "2014-12-03 23:26:45"
        },
        {
            "name": "knplabs/packagist-api",
            "version": "v1.2",
            "source": {
                "type": "git",
                "url": "https://github.com/KnpLabs/packagist-api.git",
                "reference": "22eef9dfc163da33e78af2ae1487966774b54db5"
            },
            "dist": {
                "type": "zip",
                "url": "https://api.github.com/repos/KnpLabs/packagist-api/zipball/22eef9dfc163da33e78af2ae1487966774b54db5",
                "reference": "22eef9dfc163da33e78af2ae1487966774b54db5",
                "shasum": ""
            },
            "require": {
                "doctrine/inflector": "~1.0",
                "guzzle/http": "~3.0",
                "php": ">=5.3.2"
            },
            "require-dev": {
                "phpspec/php-diff": "*@dev",
                "phpspec/phpspec": "~2.0"
            },
            "type": "library",
            "extra": {
                "branch-alias": {
                    "dev-master": "1.x-dev"
                }
            },
            "autoload": {
                "psr-0": {
                    "Packagist\\Api\\": "src/"
                }
            },
            "notification-url": "https://packagist.org/downloads/",
            "license": [
                "MIT"
            ],
            "authors": [
                {
                    "name": "KnpLabs Team",
                    "homepage": "http://knplabs.com"
                }
            ],
            "description": "Packagist API client.",
            "homepage": "http://knplabs.com",
            "keywords": [
                "api",
                "composer",
                "packagist"
            ],
            "time": "2014-09-17 13:49:46"
        },
        {
            "name": "phine/exception",
            "version": "1.0.0",
            "source": {
                "type": "git",
                "url": "https://github.com/kherge-abandoned/lib-exception.git",
                "reference": "150c6b6090b2ebc53c60e87cb20c7f1287b7b68a"
            },
            "dist": {
                "type": "zip",
                "url": "https://api.github.com/repos/kherge-abandoned/lib-exception/zipball/150c6b6090b2ebc53c60e87cb20c7f1287b7b68a",
                "reference": "150c6b6090b2ebc53c60e87cb20c7f1287b7b68a",
                "shasum": ""
            },
            "require": {
                "php": ">=5.3.3"
            },
            "require-dev": {
                "league/phpunit-coverage-listener": "~1.0"
            },
            "type": "library",
            "extra": {
                "branch-alias": {
                    "dev-master": "1.0-dev"
                }
            },
            "autoload": {
                "psr-0": {
                    "Phine\\Exception": "src/lib"
                }
            },
            "notification-url": "https://packagist.org/downloads/",
            "license": [
                "MIT"
            ],
            "authors": [
                {
                    "name": "Kevin Herrera",
                    "email": "kevin@herrera.io",
                    "homepage": "http://kevin.herrera.io"
                }
            ],
            "description": "A PHP library for improving the use of exceptions.",
            "homepage": "https://github.com/phine/lib-exception",
            "keywords": [
                "exception"
            ],
            "time": "2013-08-27 17:43:25"
        },
        {
            "name": "phine/path",
            "version": "1.1.0",
            "source": {
                "type": "git",
                "url": "https://github.com/box-project/box2-path.git",
                "reference": "cbe1a5eb6cf22958394db2469af9b773508abddd"
            },
            "dist": {
                "type": "zip",
                "url": "https://api.github.com/repos/box-project/box2-path/zipball/cbe1a5eb6cf22958394db2469af9b773508abddd",
                "reference": "cbe1a5eb6cf22958394db2469af9b773508abddd",
                "shasum": ""
            },
            "require": {
                "phine/exception": "~1.0",
                "php": ">=5.3.3"
            },
            "require-dev": {
                "league/phpunit-coverage-listener": "~1.0"
            },
            "type": "library",
            "extra": {
                "branch-alias": {
                    "dev-master": "1.0-dev"
                }
            },
            "autoload": {
                "psr-0": {
                    "Phine\\Path": "src/lib"
                }
            },
            "notification-url": "https://packagist.org/downloads/",
            "license": [
                "MIT"
            ],
            "authors": [
                {
                    "name": "Kevin Herrera",
                    "email": "kevin@herrera.io",
                    "homepage": "http://kevin.herrera.io"
                }
            ],
            "description": "A PHP library for improving the use of file system paths.",
            "homepage": "https://github.com/phine/lib-path",
            "keywords": [
                "file",
                "path",
                "system"
            ],
            "time": "2013-10-15 22:58:04"
        },
        {
            "name": "symfony/console",
            "version": "v2.8.8",
            "source": {
                "type": "git",
                "url": "https://github.com/symfony/console.git",
                "reference": "c392a6ec72f2122748032c2ad6870420561ffcfa"
            },
            "dist": {
                "type": "zip",
                "url": "https://api.github.com/repos/symfony/console/zipball/c392a6ec72f2122748032c2ad6870420561ffcfa",
                "reference": "c392a6ec72f2122748032c2ad6870420561ffcfa",
                "shasum": ""
            },
            "require": {
                "php": ">=5.3.9",
                "symfony/polyfill-mbstring": "~1.0"
            },
            "require-dev": {
                "psr/log": "~1.0",
                "symfony/event-dispatcher": "~2.1|~3.0.0",
                "symfony/process": "~2.1|~3.0.0"
            },
            "suggest": {
                "psr/log": "For using the console logger",
                "symfony/event-dispatcher": "",
                "symfony/process": ""
            },
            "type": "library",
            "extra": {
                "branch-alias": {
                    "dev-master": "2.8-dev"
                }
            },
            "autoload": {
                "psr-4": {
                    "Symfony\\Component\\Console\\": ""
                },
                "exclude-from-classmap": [
                    "/Tests/"
                ]
            },
            "notification-url": "https://packagist.org/downloads/",
            "license": [
                "MIT"
            ],
            "authors": [
                {
                    "name": "Fabien Potencier",
                    "email": "fabien@symfony.com"
                },
                {
                    "name": "Symfony Community",
                    "homepage": "https://symfony.com/contributors"
                }
            ],
            "description": "Symfony Console Component",
            "homepage": "https://symfony.com",
            "time": "2016-06-29 07:02:14"
        },
        {
            "name": "symfony/event-dispatcher",
            "version": "v3.1.2",
            "source": {
                "type": "git",
                "url": "https://github.com/symfony/event-dispatcher.git",
                "reference": "7f9839ede2070f53e7e2f0849b9bd14748c434c5"
            },
            "dist": {
                "type": "zip",
                "url": "https://api.github.com/repos/symfony/event-dispatcher/zipball/7f9839ede2070f53e7e2f0849b9bd14748c434c5",
                "reference": "7f9839ede2070f53e7e2f0849b9bd14748c434c5",
                "shasum": ""
            },
            "require": {
                "php": ">=5.5.9"
            },
            "require-dev": {
                "psr/log": "~1.0",
                "symfony/config": "~2.8|~3.0",
                "symfony/dependency-injection": "~2.8|~3.0",
                "symfony/expression-language": "~2.8|~3.0",
                "symfony/stopwatch": "~2.8|~3.0"
            },
            "suggest": {
                "symfony/dependency-injection": "",
                "symfony/http-kernel": ""
            },
            "type": "library",
            "extra": {
                "branch-alias": {
                    "dev-master": "3.1-dev"
                }
            },
            "autoload": {
                "psr-4": {
                    "Symfony\\Component\\EventDispatcher\\": ""
                },
                "exclude-from-classmap": [
                    "/Tests/"
                ]
            },
            "notification-url": "https://packagist.org/downloads/",
            "license": [
                "MIT"
            ],
            "authors": [
                {
                    "name": "Fabien Potencier",
                    "email": "fabien@symfony.com"
                },
                {
                    "name": "Symfony Community",
                    "homepage": "https://symfony.com/contributors"
                }
            ],
            "description": "Symfony EventDispatcher Component",
            "homepage": "https://symfony.com",
            "time": "2016-06-29 05:41:56"
        },
        {
            "name": "symfony/finder",
            "version": "v2.8.8",
            "source": {
                "type": "git",
                "url": "https://github.com/symfony/finder.git",
                "reference": "bf0506ef4e7778fd3f0f1f141ab5e8c1ef35dd7d"
            },
            "dist": {
                "type": "zip",
                "url": "https://api.github.com/repos/symfony/finder/zipball/bf0506ef4e7778fd3f0f1f141ab5e8c1ef35dd7d",
                "reference": "bf0506ef4e7778fd3f0f1f141ab5e8c1ef35dd7d",
                "shasum": ""
            },
            "require": {
                "php": ">=5.3.9"
            },
            "type": "library",
            "extra": {
                "branch-alias": {
                    "dev-master": "2.8-dev"
                }
            },
            "autoload": {
                "psr-4": {
                    "Symfony\\Component\\Finder\\": ""
                },
                "exclude-from-classmap": [
                    "/Tests/"
                ]
            },
            "notification-url": "https://packagist.org/downloads/",
            "license": [
                "MIT"
            ],
            "authors": [
                {
                    "name": "Fabien Potencier",
                    "email": "fabien@symfony.com"
                },
                {
                    "name": "Symfony Community",
                    "homepage": "https://symfony.com/contributors"
                }
            ],
            "description": "Symfony Finder Component",
            "homepage": "https://symfony.com",
            "time": "2016-06-29 05:29:29"
        },
        {
            "name": "symfony/polyfill-mbstring",
            "version": "v1.2.0",
            "source": {
                "type": "git",
                "url": "https://github.com/symfony/polyfill-mbstring.git",
                "reference": "dff51f72b0706335131b00a7f49606168c582594"
            },
            "dist": {
                "type": "zip",
                "url": "https://api.github.com/repos/symfony/polyfill-mbstring/zipball/dff51f72b0706335131b00a7f49606168c582594",
                "reference": "dff51f72b0706335131b00a7f49606168c582594",
                "shasum": ""
            },
            "require": {
                "php": ">=5.3.3"
            },
            "suggest": {
                "ext-mbstring": "For best performance"
            },
            "type": "library",
            "extra": {
                "branch-alias": {
                    "dev-master": "1.2-dev"
                }
            },
            "autoload": {
                "psr-4": {
                    "Symfony\\Polyfill\\Mbstring\\": ""
                },
                "files": [
                    "bootstrap.php"
                ]
            },
            "notification-url": "https://packagist.org/downloads/",
            "license": [
                "MIT"
            ],
            "authors": [
                {
                    "name": "Nicolas Grekas",
                    "email": "p@tchwork.com"
                },
                {
                    "name": "Symfony Community",
                    "homepage": "https://symfony.com/contributors"
                }
            ],
            "description": "Symfony polyfill for the Mbstring extension",
            "homepage": "https://symfony.com",
            "keywords": [
                "compatibility",
                "mbstring",
                "polyfill",
                "portable",
                "shim"
            ],
            "time": "2016-05-18 14:26:46"
        },
        {
            "name": "symfony/process",
            "version": "v2.8.8",
            "source": {
                "type": "git",
                "url": "https://github.com/symfony/process.git",
                "reference": "89f33c16796415ccfd8bb3cf8d520cbb79899bfe"
            },
            "dist": {
                "type": "zip",
                "url": "https://api.github.com/repos/symfony/process/zipball/89f33c16796415ccfd8bb3cf8d520cbb79899bfe",
                "reference": "89f33c16796415ccfd8bb3cf8d520cbb79899bfe",
                "shasum": ""
            },
            "require": {
                "php": ">=5.3.9"
            },
            "type": "library",
            "extra": {
                "branch-alias": {
                    "dev-master": "2.8-dev"
                }
            },
            "autoload": {
                "psr-4": {
                    "Symfony\\Component\\Process\\": ""
                },
                "exclude-from-classmap": [
                    "/Tests/"
                ]
            },
            "notification-url": "https://packagist.org/downloads/",
            "license": [
                "MIT"
            ],
            "authors": [
                {
                    "name": "Fabien Potencier",
                    "email": "fabien@symfony.com"
                },
                {
                    "name": "Symfony Community",
                    "homepage": "https://symfony.com/contributors"
                }
            ],
            "description": "Symfony Process Component",
            "homepage": "https://symfony.com",
            "time": "2016-06-29 05:29:29"
        },
        {
            "name": "tedivm/jshrink",
            "version": "v1.1.0",
            "source": {
                "type": "git",
                "url": "https://github.com/tedious/JShrink.git",
                "reference": "688527a2e854d7935f24f24c7d5eb1b604742bf9"
            },
            "dist": {
                "type": "zip",
                "url": "https://api.github.com/repos/tedious/JShrink/zipball/688527a2e854d7935f24f24c7d5eb1b604742bf9",
                "reference": "688527a2e854d7935f24f24c7d5eb1b604742bf9",
                "shasum": ""
            },
            "require": {
                "php": ">=5.3.0"
            },
            "require-dev": {
                "fabpot/php-cs-fixer": "0.4.0",
                "phpunit/phpunit": "4.0.*",
                "satooshi/php-coveralls": "dev-master"
            },
            "type": "library",
            "autoload": {
                "psr-0": {
                    "JShrink": "src/"
                }
            },
            "notification-url": "https://packagist.org/downloads/",
            "license": [
                "BSD-3-Clause"
            ],
            "authors": [
                {
                    "name": "Robert Hafner",
                    "email": "tedivm@tedivm.com"
                }
            ],
            "description": "Javascript Minifier built in PHP",
            "homepage": "http://github.com/tedious/JShrink",
            "keywords": [
                "javascript",
                "minifier"
            ],
            "time": "2015-07-04 07:35:09"
        }
    ],
    "aliases": [],
    "minimum-stability": "stable",
    "stability-flags": [],
    "prefer-stable": false,
    "prefer-lowest": false,
    "platform": [],
    "platform-dev": []
}
